// !$*UTF8*$!
{
	archiveVersion = 1;
	classes = {
	};
	objectVersion = 46;
	objects = {

/* Begin PBXBuildFile section */
		6EDA58AC1F1E3D580071B3F1 /* AppDelegate.swift in Sources */ = {isa = PBXBuildFile; fileRef = 6EDA58AB1F1E3D580071B3F1 /* AppDelegate.swift */; };
		6EDA58B31F1E3D580071B3F1 /* Assets.xcassets in Resources */ = {isa = PBXBuildFile; fileRef = 6EDA58B21F1E3D580071B3F1 /* Assets.xcassets */; };
		6EDA58C11F1E3D580071B3F1 /* CycleStatsTests.swift in Sources */ = {isa = PBXBuildFile; fileRef = 6EDA58C01F1E3D580071B3F1 /* CycleStatsTests.swift */; };
		6EDA58CC1F1E3D580071B3F1 /* CycleStatsUITests.swift in Sources */ = {isa = PBXBuildFile; fileRef = 6EDA58CB1F1E3D580071B3F1 /* CycleStatsUITests.swift */; };
		6EDA58DD1F1E41210071B3F1 /* LaunchScreen.storyboard in Resources */ = {isa = PBXBuildFile; fileRef = 6EDA58D91F1E41210071B3F1 /* LaunchScreen.storyboard */; };
		6EDA58DE1F1E41210071B3F1 /* Main.storyboard in Resources */ = {isa = PBXBuildFile; fileRef = 6EDA58DA1F1E41210071B3F1 /* Main.storyboard */; };
		6EDA58E01F1E41210071B3F1 /* Info.plist in Resources */ = {isa = PBXBuildFile; fileRef = 6EDA58DC1F1E41210071B3F1 /* Info.plist */; };
		6EDA58F71F1E44540071B3F1 /* Roboto-Black.ttf in Resources */ = {isa = PBXBuildFile; fileRef = 6EDA58EB1F1E444B0071B3F1 /* Roboto-Black.ttf */; };
		6EDA58F81F1E44540071B3F1 /* Roboto-BlackItalic.ttf in Resources */ = {isa = PBXBuildFile; fileRef = 6EDA58EC1F1E444B0071B3F1 /* Roboto-BlackItalic.ttf */; };
		6EDA58F91F1E44540071B3F1 /* Roboto-Bold.ttf in Resources */ = {isa = PBXBuildFile; fileRef = 6EDA58ED1F1E444B0071B3F1 /* Roboto-Bold.ttf */; };
		6EDA58FA1F1E44540071B3F1 /* Roboto-BoldItalic.ttf in Resources */ = {isa = PBXBuildFile; fileRef = 6EDA58EE1F1E444B0071B3F1 /* Roboto-BoldItalic.ttf */; };
		6EDA58FB1F1E44540071B3F1 /* Roboto-Italic.ttf in Resources */ = {isa = PBXBuildFile; fileRef = 6EDA58EF1F1E444B0071B3F1 /* Roboto-Italic.ttf */; };
		6EDA58FC1F1E44540071B3F1 /* Roboto-Light.ttf in Resources */ = {isa = PBXBuildFile; fileRef = 6EDA58F01F1E444B0071B3F1 /* Roboto-Light.ttf */; };
		6EDA58FD1F1E44540071B3F1 /* Roboto-LightItalic.ttf in Resources */ = {isa = PBXBuildFile; fileRef = 6EDA58F11F1E444B0071B3F1 /* Roboto-LightItalic.ttf */; };
		6EDA58FE1F1E44540071B3F1 /* Roboto-Medium.ttf in Resources */ = {isa = PBXBuildFile; fileRef = 6EDA58F21F1E444B0071B3F1 /* Roboto-Medium.ttf */; };
		6EDA58FF1F1E44540071B3F1 /* Roboto-MediumItalic.ttf in Resources */ = {isa = PBXBuildFile; fileRef = 6EDA58F31F1E444B0071B3F1 /* Roboto-MediumItalic.ttf */; };
		6EDA59001F1E44540071B3F1 /* Roboto-Regular.ttf in Resources */ = {isa = PBXBuildFile; fileRef = 6EDA58F41F1E444B0071B3F1 /* Roboto-Regular.ttf */; };
		6EDA59011F1E44540071B3F1 /* Roboto-Thin.ttf in Resources */ = {isa = PBXBuildFile; fileRef = 6EDA58F51F1E444B0071B3F1 /* Roboto-Thin.ttf */; };
		6EDA59021F1E44540071B3F1 /* Roboto-ThinItalic.ttf in Resources */ = {isa = PBXBuildFile; fileRef = 6EDA58F61F1E444B0071B3F1 /* Roboto-ThinItalic.ttf */; };
		6EDA59041F1E45510071B3F1 /* BebasNeue-Bold.otf in Resources */ = {isa = PBXBuildFile; fileRef = 6EDA59031F1E45510071B3F1 /* BebasNeue-Bold.otf */; };
		6EDA59061F1E4D080071B3F1 /* LandingPageController.swift in Sources */ = {isa = PBXBuildFile; fileRef = 6EDA59051F1E4D080071B3F1 /* LandingPageController.swift */; };
		6EDA59081F1E4E5A0071B3F1 /* SignUpController.swift in Sources */ = {isa = PBXBuildFile; fileRef = 6EDA59071F1E4E5A0071B3F1 /* SignUpController.swift */; };
/* End PBXBuildFile section */

/* Begin PBXContainerItemProxy section */
		6EDA58BD1F1E3D580071B3F1 /* PBXContainerItemProxy */ = {
			isa = PBXContainerItemProxy;
			containerPortal = 6EDA58A01F1E3D580071B3F1 /* Project object */;
			proxyType = 1;
			remoteGlobalIDString = 6EDA58A71F1E3D580071B3F1;
			remoteInfo = CycleStats;
		};
		6EDA58C81F1E3D580071B3F1 /* PBXContainerItemProxy */ = {
			isa = PBXContainerItemProxy;
			containerPortal = 6EDA58A01F1E3D580071B3F1 /* Project object */;
			proxyType = 1;
			remoteGlobalIDString = 6EDA58A71F1E3D580071B3F1;
			remoteInfo = CycleStats;
		};
/* End PBXContainerItemProxy section */

/* Begin PBXFileReference section */
		6EDA58A81F1E3D580071B3F1 /* CycleStats.app */ = {isa = PBXFileReference; explicitFileType = wrapper.application; includeInIndex = 0; path = CycleStats.app; sourceTree = BUILT_PRODUCTS_DIR; };
		6EDA58AB1F1E3D580071B3F1 /* AppDelegate.swift */ = {isa = PBXFileReference; lastKnownFileType = sourcecode.swift; path = AppDelegate.swift; sourceTree = "<group>"; };
		6EDA58B21F1E3D580071B3F1 /* Assets.xcassets */ = {isa = PBXFileReference; lastKnownFileType = folder.assetcatalog; path = Assets.xcassets; sourceTree = "<group>"; };
		6EDA58BC1F1E3D580071B3F1 /* CycleStatsTests.xctest */ = {isa = PBXFileReference; explicitFileType = wrapper.cfbundle; includeInIndex = 0; path = CycleStatsTests.xctest; sourceTree = BUILT_PRODUCTS_DIR; };
		6EDA58C01F1E3D580071B3F1 /* CycleStatsTests.swift */ = {isa = PBXFileReference; lastKnownFileType = sourcecode.swift; path = CycleStatsTests.swift; sourceTree = "<group>"; };
		6EDA58C21F1E3D580071B3F1 /* Info.plist */ = {isa = PBXFileReference; lastKnownFileType = text.plist.xml; path = Info.plist; sourceTree = "<group>"; };
		6EDA58C71F1E3D580071B3F1 /* CycleStatsUITests.xctest */ = {isa = PBXFileReference; explicitFileType = wrapper.cfbundle; includeInIndex = 0; path = CycleStatsUITests.xctest; sourceTree = BUILT_PRODUCTS_DIR; };
		6EDA58CB1F1E3D580071B3F1 /* CycleStatsUITests.swift */ = {isa = PBXFileReference; lastKnownFileType = sourcecode.swift; path = CycleStatsUITests.swift; sourceTree = "<group>"; };
		6EDA58CD1F1E3D580071B3F1 /* Info.plist */ = {isa = PBXFileReference; lastKnownFileType = text.plist.xml; path = Info.plist; sourceTree = "<group>"; };
		6EDA58D91F1E41210071B3F1 /* LaunchScreen.storyboard */ = {isa = PBXFileReference; fileEncoding = 4; lastKnownFileType = file.storyboard; name = LaunchScreen.storyboard; path = Storyboards/LaunchScreen.storyboard; sourceTree = "<group>"; };
		6EDA58DA1F1E41210071B3F1 /* Main.storyboard */ = {isa = PBXFileReference; fileEncoding = 4; lastKnownFileType = file.storyboard; name = Main.storyboard; path = Storyboards/Main.storyboard; sourceTree = "<group>"; };
		6EDA58DC1F1E41210071B3F1 /* Info.plist */ = {isa = PBXFileReference; fileEncoding = 4; lastKnownFileType = text.plist.xml; name = Info.plist; path = Supporting/Info.plist; sourceTree = "<group>"; };
		6EDA58EB1F1E444B0071B3F1 /* Roboto-Black.ttf */ = {isa = PBXFileReference; lastKnownFileType = file; path = "Roboto-Black.ttf"; sourceTree = "<group>"; };
		6EDA58EC1F1E444B0071B3F1 /* Roboto-BlackItalic.ttf */ = {isa = PBXFileReference; lastKnownFileType = file; path = "Roboto-BlackItalic.ttf"; sourceTree = "<group>"; };
		6EDA58ED1F1E444B0071B3F1 /* Roboto-Bold.ttf */ = {isa = PBXFileReference; lastKnownFileType = file; path = "Roboto-Bold.ttf"; sourceTree = "<group>"; };
		6EDA58EE1F1E444B0071B3F1 /* Roboto-BoldItalic.ttf */ = {isa = PBXFileReference; lastKnownFileType = file; path = "Roboto-BoldItalic.ttf"; sourceTree = "<group>"; };
		6EDA58EF1F1E444B0071B3F1 /* Roboto-Italic.ttf */ = {isa = PBXFileReference; lastKnownFileType = file; path = "Roboto-Italic.ttf"; sourceTree = "<group>"; };
		6EDA58F01F1E444B0071B3F1 /* Roboto-Light.ttf */ = {isa = PBXFileReference; lastKnownFileType = file; path = "Roboto-Light.ttf"; sourceTree = "<group>"; };
		6EDA58F11F1E444B0071B3F1 /* Roboto-LightItalic.ttf */ = {isa = PBXFileReference; lastKnownFileType = file; path = "Roboto-LightItalic.ttf"; sourceTree = "<group>"; };
		6EDA58F21F1E444B0071B3F1 /* Roboto-Medium.ttf */ = {isa = PBXFileReference; lastKnownFileType = file; path = "Roboto-Medium.ttf"; sourceTree = "<group>"; };
		6EDA58F31F1E444B0071B3F1 /* Roboto-MediumItalic.ttf */ = {isa = PBXFileReference; lastKnownFileType = file; path = "Roboto-MediumItalic.ttf"; sourceTree = "<group>"; };
		6EDA58F41F1E444B0071B3F1 /* Roboto-Regular.ttf */ = {isa = PBXFileReference; lastKnownFileType = file; path = "Roboto-Regular.ttf"; sourceTree = "<group>"; };
		6EDA58F51F1E444B0071B3F1 /* Roboto-Thin.ttf */ = {isa = PBXFileReference; lastKnownFileType = file; path = "Roboto-Thin.ttf"; sourceTree = "<group>"; };
		6EDA58F61F1E444B0071B3F1 /* Roboto-ThinItalic.ttf */ = {isa = PBXFileReference; lastKnownFileType = file; path = "Roboto-ThinItalic.ttf"; sourceTree = "<group>"; };
		6EDA59031F1E45510071B3F1 /* BebasNeue-Bold.otf */ = {isa = PBXFileReference; lastKnownFileType = file; path = "BebasNeue-Bold.otf"; sourceTree = "<group>"; };
		6EDA59051F1E4D080071B3F1 /* LandingPageController.swift */ = {isa = PBXFileReference; fileEncoding = 4; lastKnownFileType = sourcecode.swift; name = LandingPageController.swift; path = Controllers/LandingPageController.swift; sourceTree = "<group>"; };
		6EDA59071F1E4E5A0071B3F1 /* SignUpController.swift */ = {isa = PBXFileReference; fileEncoding = 4; lastKnownFileType = sourcecode.swift; name = SignUpController.swift; path = Controllers/SignUpController.swift; sourceTree = "<group>"; };
/* End PBXFileReference section */

/* Begin PBXFrameworksBuildPhase section */
		6EDA58A51F1E3D580071B3F1 /* Frameworks */ = {
			isa = PBXFrameworksBuildPhase;
			buildActionMask = 2147483647;
			files = (
			);
			runOnlyForDeploymentPostprocessing = 0;
		};
		6EDA58B91F1E3D580071B3F1 /* Frameworks */ = {
			isa = PBXFrameworksBuildPhase;
			buildActionMask = 2147483647;
			files = (
			);
			runOnlyForDeploymentPostprocessing = 0;
		};
		6EDA58C41F1E3D580071B3F1 /* Frameworks */ = {
			isa = PBXFrameworksBuildPhase;
			buildActionMask = 2147483647;
			files = (
			);
			runOnlyForDeploymentPostprocessing = 0;
		};
/* End PBXFrameworksBuildPhase section */

/* Begin PBXGroup section */
		6EDA589F1F1E3D580071B3F1 = {
			isa = PBXGroup;
			children = (
				6EDA58AA1F1E3D580071B3F1 /* CycleStats */,
				6EDA58BF1F1E3D580071B3F1 /* CycleStatsTests */,
				6EDA58CA1F1E3D580071B3F1 /* CycleStatsUITests */,
				6EDA58A91F1E3D580071B3F1 /* Products */,
			);
			sourceTree = "<group>";
		};
		6EDA58A91F1E3D580071B3F1 /* Products */ = {
			isa = PBXGroup;
			children = (
				6EDA58A81F1E3D580071B3F1 /* CycleStats.app */,
				6EDA58BC1F1E3D580071B3F1 /* CycleStatsTests.xctest */,
				6EDA58C71F1E3D580071B3F1 /* CycleStatsUITests.xctest */,
			);
			name = Products;
			sourceTree = "<group>";
		};
		6EDA58AA1F1E3D580071B3F1 /* CycleStats */ = {
			isa = PBXGroup;
			children = (
				6EDA58E91F1E417D0071B3F1 /* Views */,
				6EDA58E81F1E41760071B3F1 /* Supporting */,
				6EDA58E71F1E41690071B3F1 /* Storyboards */,
				6EDA58E61F1E41630071B3F1 /* Services */,
				6EDA58E51F1E415E0071B3F1 /* Rescources */,
				6EDA58E41F1E41500071B3F1 /* Models */,
				6EDA58E31F1E414A0071B3F1 /* Helpers */,
				6EDA58E21F1E413D0071B3F1 /* Extensions */,
				6EDA58E11F1E41340071B3F1 /* Controllers */,
				6EDA58AB1F1E3D580071B3F1 /* AppDelegate.swift */,
			);
			path = CycleStats;
			sourceTree = "<group>";
		};
		6EDA58BF1F1E3D580071B3F1 /* CycleStatsTests */ = {
			isa = PBXGroup;
			children = (
				6EDA58C01F1E3D580071B3F1 /* CycleStatsTests.swift */,
				6EDA58C21F1E3D580071B3F1 /* Info.plist */,
			);
			path = CycleStatsTests;
			sourceTree = "<group>";
		};
		6EDA58CA1F1E3D580071B3F1 /* CycleStatsUITests */ = {
			isa = PBXGroup;
			children = (
				6EDA58CB1F1E3D580071B3F1 /* CycleStatsUITests.swift */,
				6EDA58CD1F1E3D580071B3F1 /* Info.plist */,
			);
			path = CycleStatsUITests;
			sourceTree = "<group>";
		};
		6EDA58E11F1E41340071B3F1 /* Controllers */ = {
			isa = PBXGroup;
			children = (
				6EDA59051F1E4D080071B3F1 /* LandingPageController.swift */,
				6EDA59071F1E4E5A0071B3F1 /* SignUpController.swift */,
			);
			name = Controllers;
			sourceTree = "<group>";
		};
		6EDA58E21F1E413D0071B3F1 /* Extensions */ = {
			isa = PBXGroup;
			children = (
			);
			name = Extensions;
			sourceTree = "<group>";
		};
		6EDA58E31F1E414A0071B3F1 /* Helpers */ = {
			isa = PBXGroup;
			children = (
			);
			name = Helpers;
			sourceTree = "<group>";
		};
		6EDA58E41F1E41500071B3F1 /* Models */ = {
			isa = PBXGroup;
			children = (
			);
			name = Models;
			sourceTree = "<group>";
		};
		6EDA58E51F1E415E0071B3F1 /* Rescources */ = {
			isa = PBXGroup;
			children = (
				6EDA58EA1F1E441B0071B3F1 /* Fonts */,
				6EDA58B21F1E3D580071B3F1 /* Assets.xcassets */,
			);
			name = Rescources;
			sourceTree = "<group>";
		};
		6EDA58E61F1E41630071B3F1 /* Services */ = {
			isa = PBXGroup;
			children = (
			);
			name = Services;
			sourceTree = "<group>";
		};
		6EDA58E71F1E41690071B3F1 /* Storyboards */ = {
			isa = PBXGroup;
			children = (
				6EDA58DA1F1E41210071B3F1 /* Main.storyboard */,
				6EDA58D91F1E41210071B3F1 /* LaunchScreen.storyboard */,
			);
			name = Storyboards;
			sourceTree = "<group>";
		};
		6EDA58E81F1E41760071B3F1 /* Supporting */ = {
			isa = PBXGroup;
			children = (
				6EDA58DC1F1E41210071B3F1 /* Info.plist */,
			);
			name = Supporting;
			sourceTree = "<group>";
		};
		6EDA58E91F1E417D0071B3F1 /* Views */ = {
			isa = PBXGroup;
			children = (
			);
			name = Views;
			sourceTree = "<group>";
		};
		6EDA58EA1F1E441B0071B3F1 /* Fonts */ = {
			isa = PBXGroup;
			children = (
				6EDA59031F1E45510071B3F1 /* BebasNeue-Bold.otf */,
				6EDA58EB1F1E444B0071B3F1 /* Roboto-Black.ttf */,
				6EDA58EC1F1E444B0071B3F1 /* Roboto-BlackItalic.ttf */,
				6EDA58ED1F1E444B0071B3F1 /* Roboto-Bold.ttf */,
				6EDA58EE1F1E444B0071B3F1 /* Roboto-BoldItalic.ttf */,
				6EDA58EF1F1E444B0071B3F1 /* Roboto-Italic.ttf */,
				6EDA58F01F1E444B0071B3F1 /* Roboto-Light.ttf */,
				6EDA58F11F1E444B0071B3F1 /* Roboto-LightItalic.ttf */,
				6EDA58F21F1E444B0071B3F1 /* Roboto-Medium.ttf */,
				6EDA58F31F1E444B0071B3F1 /* Roboto-MediumItalic.ttf */,
				6EDA58F41F1E444B0071B3F1 /* Roboto-Regular.ttf */,
				6EDA58F51F1E444B0071B3F1 /* Roboto-Thin.ttf */,
				6EDA58F61F1E444B0071B3F1 /* Roboto-ThinItalic.ttf */,
			);
			name = Fonts;
			sourceTree = "<group>";
		};
/* End PBXGroup section */

/* Begin PBXNativeTarget section */
		6EDA58A71F1E3D580071B3F1 /* CycleStats */ = {
			isa = PBXNativeTarget;
			buildConfigurationList = 6EDA58D01F1E3D580071B3F1 /* Build configuration list for PBXNativeTarget "CycleStats" */;
			buildPhases = (
				6EDA58A41F1E3D580071B3F1 /* Sources */,
				6EDA58A51F1E3D580071B3F1 /* Frameworks */,
				6EDA58A61F1E3D580071B3F1 /* Resources */,
			);
			buildRules = (
			);
			dependencies = (
			);
			name = CycleStats;
			productName = CycleStats;
			productReference = 6EDA58A81F1E3D580071B3F1 /* CycleStats.app */;
			productType = "com.apple.product-type.application";
		};
		6EDA58BB1F1E3D580071B3F1 /* CycleStatsTests */ = {
			isa = PBXNativeTarget;
			buildConfigurationList = 6EDA58D31F1E3D580071B3F1 /* Build configuration list for PBXNativeTarget "CycleStatsTests" */;
			buildPhases = (
				6EDA58B81F1E3D580071B3F1 /* Sources */,
				6EDA58B91F1E3D580071B3F1 /* Frameworks */,
				6EDA58BA1F1E3D580071B3F1 /* Resources */,
			);
			buildRules = (
			);
			dependencies = (
				6EDA58BE1F1E3D580071B3F1 /* PBXTargetDependency */,
			);
			name = CycleStatsTests;
			productName = CycleStatsTests;
			productReference = 6EDA58BC1F1E3D580071B3F1 /* CycleStatsTests.xctest */;
			productType = "com.apple.product-type.bundle.unit-test";
		};
		6EDA58C61F1E3D580071B3F1 /* CycleStatsUITests */ = {
			isa = PBXNativeTarget;
			buildConfigurationList = 6EDA58D61F1E3D580071B3F1 /* Build configuration list for PBXNativeTarget "CycleStatsUITests" */;
			buildPhases = (
				6EDA58C31F1E3D580071B3F1 /* Sources */,
				6EDA58C41F1E3D580071B3F1 /* Frameworks */,
				6EDA58C51F1E3D580071B3F1 /* Resources */,
			);
			buildRules = (
			);
			dependencies = (
				6EDA58C91F1E3D580071B3F1 /* PBXTargetDependency */,
			);
			name = CycleStatsUITests;
			productName = CycleStatsUITests;
			productReference = 6EDA58C71F1E3D580071B3F1 /* CycleStatsUITests.xctest */;
			productType = "com.apple.product-type.bundle.ui-testing";
		};
/* End PBXNativeTarget section */

/* Begin PBXProject section */
		6EDA58A01F1E3D580071B3F1 /* Project object */ = {
			isa = PBXProject;
			attributes = {
				LastSwiftUpdateCheck = 0830;
				LastUpgradeCheck = 0830;
				ORGANIZATIONNAME = "Will Cohen";
				TargetAttributes = {
					6EDA58A71F1E3D580071B3F1 = {
						CreatedOnToolsVersion = 8.3.2;
						DevelopmentTeam = 2X5M32A4UP;
						ProvisioningStyle = Automatic;
					};
					6EDA58BB1F1E3D580071B3F1 = {
						CreatedOnToolsVersion = 8.3.2;
						DevelopmentTeam = 2X5M32A4UP;
						ProvisioningStyle = Automatic;
						TestTargetID = 6EDA58A71F1E3D580071B3F1;
					};
					6EDA58C61F1E3D580071B3F1 = {
						CreatedOnToolsVersion = 8.3.2;
						DevelopmentTeam = 2X5M32A4UP;
						ProvisioningStyle = Automatic;
						TestTargetID = 6EDA58A71F1E3D580071B3F1;
					};
				};
			};
			buildConfigurationList = 6EDA58A31F1E3D580071B3F1 /* Build configuration list for PBXProject "CycleStats" */;
			compatibilityVersion = "Xcode 3.2";
			developmentRegion = English;
			hasScannedForEncodings = 0;
			knownRegions = (
				en,
				Base,
			);
			mainGroup = 6EDA589F1F1E3D580071B3F1;
			productRefGroup = 6EDA58A91F1E3D580071B3F1 /* Products */;
			projectDirPath = "";
			projectRoot = "";
			targets = (
				6EDA58A71F1E3D580071B3F1 /* CycleStats */,
				6EDA58BB1F1E3D580071B3F1 /* CycleStatsTests */,
				6EDA58C61F1E3D580071B3F1 /* CycleStatsUITests */,
			);
		};
/* End PBXProject section */

/* Begin PBXResourcesBuildPhase section */
		6EDA58A61F1E3D580071B3F1 /* Resources */ = {
			isa = PBXResourcesBuildPhase;
			buildActionMask = 2147483647;
			files = (
				6EDA58F91F1E44540071B3F1 /* Roboto-Bold.ttf in Resources */,
				6EDA58FD1F1E44540071B3F1 /* Roboto-LightItalic.ttf in Resources */,
				6EDA58FF1F1E44540071B3F1 /* Roboto-MediumItalic.ttf in Resources */,
				6EDA58FB1F1E44540071B3F1 /* Roboto-Italic.ttf in Resources */,
				6EDA58FC1F1E44540071B3F1 /* Roboto-Light.ttf in Resources */,
				6EDA58E01F1E41210071B3F1 /* Info.plist in Resources */,
				6EDA58FA1F1E44540071B3F1 /* Roboto-BoldItalic.ttf in Resources */,
				6EDA58F81F1E44540071B3F1 /* Roboto-BlackItalic.ttf in Resources */,
				6EDA59011F1E44540071B3F1 /* Roboto-Thin.ttf in Resources */,
				6EDA59001F1E44540071B3F1 /* Roboto-Regular.ttf in Resources */,
				6EDA58DE1F1E41210071B3F1 /* Main.storyboard in Resources */,
				6EDA59041F1E45510071B3F1 /* BebasNeue-Bold.otf in Resources */,
				6EDA58FE1F1E44540071B3F1 /* Roboto-Medium.ttf in Resources */,
				6EDA59021F1E44540071B3F1 /* Roboto-ThinItalic.ttf in Resources */,
				6EDA58F71F1E44540071B3F1 /* Roboto-Black.ttf in Resources */,
				6EDA58B31F1E3D580071B3F1 /* Assets.xcassets in Resources */,
				6EDA58DD1F1E41210071B3F1 /* LaunchScreen.storyboard in Resources */,
			);
			runOnlyForDeploymentPostprocessing = 0;
		};
		6EDA58BA1F1E3D580071B3F1 /* Resources */ = {
			isa = PBXResourcesBuildPhase;
			buildActionMask = 2147483647;
			files = (
			);
			runOnlyForDeploymentPostprocessing = 0;
		};
		6EDA58C51F1E3D580071B3F1 /* Resources */ = {
			isa = PBXResourcesBuildPhase;
			buildActionMask = 2147483647;
			files = (
			);
			runOnlyForDeploymentPostprocessing = 0;
		};
/* End PBXResourcesBuildPhase section */

/* Begin PBXSourcesBuildPhase section */
		6EDA58A41F1E3D580071B3F1 /* Sources */ = {
			isa = PBXSourcesBuildPhase;
			buildActionMask = 2147483647;
			files = (
				6EDA59061F1E4D080071B3F1 /* LandingPageController.swift in Sources */,
				6EDA58AC1F1E3D580071B3F1 /* AppDelegate.swift in Sources */,
				6EDA59081F1E4E5A0071B3F1 /* SignUpController.swift in Sources */,
			);
			runOnlyForDeploymentPostprocessing = 0;
		};
		6EDA58B81F1E3D580071B3F1 /* Sources */ = {
			isa = PBXSourcesBuildPhase;
			buildActionMask = 2147483647;
			files = (
				6EDA58C11F1E3D580071B3F1 /* CycleStatsTests.swift in Sources */,
			);
			runOnlyForDeploymentPostprocessing = 0;
		};
		6EDA58C31F1E3D580071B3F1 /* Sources */ = {
			isa = PBXSourcesBuildPhase;
			buildActionMask = 2147483647;
			files = (
				6EDA58CC1F1E3D580071B3F1 /* CycleStatsUITests.swift in Sources */,
			);
			runOnlyForDeploymentPostprocessing = 0;
		};
/* End PBXSourcesBuildPhase section */

/* Begin PBXTargetDependency section */
		6EDA58BE1F1E3D580071B3F1 /* PBXTargetDependency */ = {
			isa = PBXTargetDependency;
			target = 6EDA58A71F1E3D580071B3F1 /* CycleStats */;
			targetProxy = 6EDA58BD1F1E3D580071B3F1 /* PBXContainerItemProxy */;
		};
		6EDA58C91F1E3D580071B3F1 /* PBXTargetDependency */ = {
			isa = PBXTargetDependency;
			target = 6EDA58A71F1E3D580071B3F1 /* CycleStats */;
			targetProxy = 6EDA58C81F1E3D580071B3F1 /* PBXContainerItemProxy */;
		};
/* End PBXTargetDependency section */

/* Begin XCBuildConfiguration section */
		6EDA58CE1F1E3D580071B3F1 /* Debug */ = {
			isa = XCBuildConfiguration;
			buildSettings = {
				ALWAYS_SEARCH_USER_PATHS = NO;
				CLANG_ANALYZER_NONNULL = YES;
				CLANG_ANALYZER_NUMBER_OBJECT_CONVERSION = YES_AGGRESSIVE;
				CLANG_CXX_LANGUAGE_STANDARD = "gnu++0x";
				CLANG_CXX_LIBRARY = "libc++";
				CLANG_ENABLE_MODULES = YES;
				CLANG_ENABLE_OBJC_ARC = YES;
				CLANG_WARN_BOOL_CONVERSION = YES;
				CLANG_WARN_CONSTANT_CONVERSION = YES;
				CLANG_WARN_DIRECT_OBJC_ISA_USAGE = YES_ERROR;
				CLANG_WARN_DOCUMENTATION_COMMENTS = YES;
				CLANG_WARN_EMPTY_BODY = YES;
				CLANG_WARN_ENUM_CONVERSION = YES;
				CLANG_WARN_INFINITE_RECURSION = YES;
				CLANG_WARN_INT_CONVERSION = YES;
				CLANG_WARN_OBJC_ROOT_CLASS = YES_ERROR;
				CLANG_WARN_SUSPICIOUS_MOVE = YES;
				CLANG_WARN_UNREACHABLE_CODE = YES;
				CLANG_WARN__DUPLICATE_METHOD_MATCH = YES;
				"CODE_SIGN_IDENTITY[sdk=iphoneos*]" = "iPhone Developer";
				COPY_PHASE_STRIP = NO;
				DEBUG_INFORMATION_FORMAT = dwarf;
				ENABLE_STRICT_OBJC_MSGSEND = YES;
				ENABLE_TESTABILITY = YES;
				GCC_C_LANGUAGE_STANDARD = gnu99;
				GCC_DYNAMIC_NO_PIC = NO;
				GCC_NO_COMMON_BLOCKS = YES;
				GCC_OPTIMIZATION_LEVEL = 0;
				GCC_PREPROCESSOR_DEFINITIONS = (
					"DEBUG=1",
					"$(inherited)",
				);
				GCC_WARN_64_TO_32_BIT_CONVERSION = YES;
				GCC_WARN_ABOUT_RETURN_TYPE = YES_ERROR;
				GCC_WARN_UNDECLARED_SELECTOR = YES;
				GCC_WARN_UNINITIALIZED_AUTOS = YES_AGGRESSIVE;
				GCC_WARN_UNUSED_FUNCTION = YES;
				GCC_WARN_UNUSED_VARIABLE = YES;
				IPHONEOS_DEPLOYMENT_TARGET = 10.3;
				MTL_ENABLE_DEBUG_INFO = YES;
				ONLY_ACTIVE_ARCH = YES;
				SDKROOT = iphoneos;
				SWIFT_ACTIVE_COMPILATION_CONDITIONS = DEBUG;
				SWIFT_OPTIMIZATION_LEVEL = "-Onone";
				TARGETED_DEVICE_FAMILY = "1,2";
			};
			name = Debug;
		};
		6EDA58CF1F1E3D580071B3F1 /* Release */ = {
			isa = XCBuildConfiguration;
			buildSettings = {
				ALWAYS_SEARCH_USER_PATHS = NO;
				CLANG_ANALYZER_NONNULL = YES;
				CLANG_ANALYZER_NUMBER_OBJECT_CONVERSION = YES_AGGRESSIVE;
				CLANG_CXX_LANGUAGE_STANDARD = "gnu++0x";
				CLANG_CXX_LIBRARY = "libc++";
				CLANG_ENABLE_MODULES = YES;
				CLANG_ENABLE_OBJC_ARC = YES;
				CLANG_WARN_BOOL_CONVERSION = YES;
				CLANG_WARN_CONSTANT_CONVERSION = YES;
				CLANG_WARN_DIRECT_OBJC_ISA_USAGE = YES_ERROR;
				CLANG_WARN_DOCUMENTATION_COMMENTS = YES;
				CLANG_WARN_EMPTY_BODY = YES;
				CLANG_WARN_ENUM_CONVERSION = YES;
				CLANG_WARN_INFINITE_RECURSION = YES;
				CLANG_WARN_INT_CONVERSION = YES;
				CLANG_WARN_OBJC_ROOT_CLASS = YES_ERROR;
				CLANG_WARN_SUSPICIOUS_MOVE = YES;
				CLANG_WARN_UNREACHABLE_CODE = YES;
				CLANG_WARN__DUPLICATE_METHOD_MATCH = YES;
				"CODE_SIGN_IDENTITY[sdk=iphoneos*]" = "iPhone Developer";
				COPY_PHASE_STRIP = NO;
				DEBUG_INFORMATION_FORMAT = "dwarf-with-dsym";
				ENABLE_NS_ASSERTIONS = NO;
				ENABLE_STRICT_OBJC_MSGSEND = YES;
				GCC_C_LANGUAGE_STANDARD = gnu99;
				GCC_NO_COMMON_BLOCKS = YES;
				GCC_WARN_64_TO_32_BIT_CONVERSION = YES;
				GCC_WARN_ABOUT_RETURN_TYPE = YES_ERROR;
				GCC_WARN_UNDECLARED_SELECTOR = YES;
				GCC_WARN_UNINITIALIZED_AUTOS = YES_AGGRESSIVE;
				GCC_WARN_UNUSED_FUNCTION = YES;
				GCC_WARN_UNUSED_VARIABLE = YES;
				IPHONEOS_DEPLOYMENT_TARGET = 10.3;
				MTL_ENABLE_DEBUG_INFO = NO;
				SDKROOT = iphoneos;
				SWIFT_OPTIMIZATION_LEVEL = "-Owholemodule";
				TARGETED_DEVICE_FAMILY = "1,2";
				VALIDATE_PRODUCT = YES;
			};
			name = Release;
		};
		6EDA58D11F1E3D580071B3F1 /* Debug */ = {
			isa = XCBuildConfiguration;
			buildSettings = {
				ASSETCATALOG_COMPILER_APPICON_NAME = AppIcon;
				DEVELOPMENT_TEAM = 2X5M32A4UP;
				INFOPLIST_FILE = "$(SRCROOT)/CycleStats/Supporting/Info.plist";
				LD_RUNPATH_SEARCH_PATHS = "$(inherited) @executable_path/Frameworks";
				PRODUCT_BUNDLE_IDENTIFIER = com.willcohen.CycleStats;
				PRODUCT_NAME = "$(TARGET_NAME)";
				SWIFT_VERSION = 3.0;
			};
			name = Debug;
		};
		6EDA58D21F1E3D580071B3F1 /* Release */ = {
			isa = XCBuildConfiguration;
			buildSettings = {
				ASSETCATALOG_COMPILER_APPICON_NAME = AppIcon;
				DEVELOPMENT_TEAM = 2X5M32A4UP;
				INFOPLIST_FILE = "$(SRCROOT)/CycleStats/Supporting/Info.plist";
				LD_RUNPATH_SEARCH_PATHS = "$(inherited) @executable_path/Frameworks";
				PRODUCT_BUNDLE_IDENTIFIER = com.willcohen.CycleStats;
				PRODUCT_NAME = "$(TARGET_NAME)";
				SWIFT_VERSION = 3.0;
			};
			name = Release;
		};
		6EDA58D41F1E3D580071B3F1 /* Debug */ = {
			isa = XCBuildConfiguration;
			buildSettings = {
				ALWAYS_EMBED_SWIFT_STANDARD_LIBRARIES = YES;
				BUNDLE_LOADER = "$(TEST_HOST)";
				DEVELOPMENT_TEAM = 2X5M32A4UP;
				INFOPLIST_FILE = CycleStatsTests/Info.plist;
				LD_RUNPATH_SEARCH_PATHS = "$(inherited) @executable_path/Frameworks @loader_path/Frameworks";
				PRODUCT_BUNDLE_IDENTIFIER = com.willcohen.CycleStatsTests;
				PRODUCT_NAME = "$(TARGET_NAME)";
				SWIFT_VERSION = 3.0;
				TEST_HOST = "$(BUILT_PRODUCTS_DIR)/CycleStats.app/CycleStats";
			};
			name = Debug;
		};
		6EDA58D51F1E3D580071B3F1 /* Release */ = {
			isa = XCBuildConfiguration;
			buildSettings = {
				ALWAYS_EMBED_SWIFT_STANDARD_LIBRARIES = YES;
				BUNDLE_LOADER = "$(TEST_HOST)";
				DEVELOPMENT_TEAM = 2X5M32A4UP;
				INFOPLIST_FILE = CycleStatsTests/Info.plist;
				LD_RUNPATH_SEARCH_PATHS = "$(inherited) @executable_path/Frameworks @loader_path/Frameworks";
				PRODUCT_BUNDLE_IDENTIFIER = com.willcohen.CycleStatsTests;
				PRODUCT_NAME = "$(TARGET_NAME)";
				SWIFT_VERSION = 3.0;
				TEST_HOST = "$(BUILT_PRODUCTS_DIR)/CycleStats.app/CycleStats";
			};
			name = Release;
		};
		6EDA58D71F1E3D580071B3F1 /* Debug */ = {
			isa = XCBuildConfiguration;
			buildSettings = {
				ALWAYS_EMBED_SWIFT_STANDARD_LIBRARIES = YES;
				DEVELOPMENT_TEAM = 2X5M32A4UP;
				INFOPLIST_FILE = CycleStatsUITests/Info.plist;
				LD_RUNPATH_SEARCH_PATHS = "$(inherited) @executable_path/Frameworks @loader_path/Frameworks";
				PRODUCT_BUNDLE_IDENTIFIER = com.willcohen.CycleStatsUITests;
				PRODUCT_NAME = "$(TARGET_NAME)";
				SWIFT_VERSION = 3.0;
				TEST_TARGET_NAME = CycleStats;
			};
			name = Debug;
		};
		6EDA58D81F1E3D580071B3F1 /* Release */ = {
			isa = XCBuildConfiguration;
			buildSettings = {
				ALWAYS_EMBED_SWIFT_STANDARD_LIBRARIES = YES;
				DEVELOPMENT_TEAM = 2X5M32A4UP;
				INFOPLIST_FILE = CycleStatsUITests/Info.plist;
				LD_RUNPATH_SEARCH_PATHS = "$(inherited) @executable_path/Frameworks @loader_path/Frameworks";
				PRODUCT_BUNDLE_IDENTIFIER = com.willcohen.CycleStatsUITests;
				PRODUCT_NAME = "$(TARGET_NAME)";
				SWIFT_VERSION = 3.0;
				TEST_TARGET_NAME = CycleStats;
			};
			name = Release;
		};
/* End XCBuildConfiguration section */

/* Begin XCConfigurationList section */
		6EDA58A31F1E3D580071B3F1 /* Build configuration list for PBXProject "CycleStats" */ = {
			isa = XCConfigurationList;
			buildConfigurations = (
				6EDA58CE1F1E3D580071B3F1 /* Debug */,
				6EDA58CF1F1E3D580071B3F1 /* Release */,
			);
			defaultConfigurationIsVisible = 0;
			defaultConfigurationName = Release;
		};
		6EDA58D01F1E3D580071B3F1 /* Build configuration list for PBXNativeTarget "CycleStats" */ = {
			isa = XCConfigurationList;
			buildConfigurations = (
				6EDA58D11F1E3D580071B3F1 /* Debug */,
				6EDA58D21F1E3D580071B3F1 /* Release */,
			);
			defaultConfigurationIsVisible = 0;
			defaultConfigurationName = Release;
		};
		6EDA58D31F1E3D580071B3F1 /* Build configuration list for PBXNativeTarget "CycleStatsTests" */ = {
			isa = XCConfigurationList;
			buildConfigurations = (
				6EDA58D41F1E3D580071B3F1 /* Debug */,
				6EDA58D51F1E3D580071B3F1 /* Release */,
			);
			defaultConfigurationIsVisible = 0;
			defaultConfigurationName = Release;
		};
		6EDA58D61F1E3D580071B3F1 /* Build configuration list for PBXNativeTarget "CycleStatsUITests" */ = {
			isa = XCConfigurationList;
			buildConfigurations = (
				6EDA58D71F1E3D580071B3F1 /* Debug */,
				6EDA58D81F1E3D580071B3F1 /* Release */,
			);
			defaultConfigurationIsVisible = 0;
			defaultConfigurationName = Release;
		};
/* End XCConfigurationList section */
	};
	rootObject = 6EDA58A01F1E3D580071B3F1 /* Project object */;
}
